
Microsoft Visual Studio Solution File, Format Version 12.00
# Visual Studio Version 16
VisualStudioVersion = 16.0.29613.14
MinimumVisualStudioVersion = 10.0.40219.1
Project("{9A19103F-16F7-4668-BE54-9A1E7A4F7556}") = "Sample", "Sample.csproj", "{BC1D56ED-3BE8-44A7-A8B9-F919282F259B}"
EndProject
Project("{9A19103F-16F7-4668-BE54-9A1E7A4F7556}") = "OpenAuth", "..\OpenAuth\OpenAuth.csproj", "{97DB7DEA-F53D-4BC1-BB9B-800ACB329CE1}"
EndProject
Project("{FAE04EC0-301F-11D3-BF4B-00C04F79EFBC}") = "Tools", "..\Tools\Tools.csproj", "{80864632-9632-4277-B19B-24481853C42D}"
EndProject
Global
	GlobalSection(SolutionConfigurationPlatforms) = preSolution
		Debug|Any CPU = Debug|Any CPU
		Release|Any CPU = Release|Any CPU
	EndGlobalSection
	GlobalSection(ProjectConfigurationPlatforms) = postSolution
		{BC1D56ED-3BE8-44A7-A8B9-F919282F259B}.Debug|Any CPU.ActiveCfg = Debug|Any CPU
		{BC1D56ED-3BE8-44A7-A8B9-F919282F259B}.Debug|Any CPU.Build.0 = Debug|Any CPU
		{BC1D56ED-3BE8-44A7-A8B9-F919282F259B}.Release|Any CPU.ActiveCfg = Release|Any CPU
		{BC1D56ED-3BE8-44A7-A8B9-F919282F259B}.Release|Any CPU.Build.0 = Release|Any CPU
		{97DB7DEA-F53D-4BC1-BB9B-800ACB329CE1}.Debug|Any CPU.ActiveCfg = Debug|Any CPU
		{97DB7DEA-F53D-4BC1-BB9B-800ACB329CE1}.Debug|Any CPU.Build.0 = Debug|Any CPU
		{97DB7DEA-F53D-4BC1-BB9B-800ACB329CE1}.Release|Any CPU.ActiveCfg = Release|Any CPU
		{97DB7DEA-F53D-4BC1-BB9B-800ACB329CE1}.Release|Any CPU.Build.0 = Release|Any CPU
		{80864632-9632-4277-B19B-24481853C42D}.Debug|Any CPU.ActiveCfg = Debug|Any CPU
		{80864632-9632-4277-B19B-24481853C42D}.Debug|Any CPU.Build.0 = Debug|Any CPU
		{80864632-9632-4277-B19B-24481853C42D}.Release|Any CPU.ActiveCfg = Release|Any CPU
		{80864632-9632-4277-B19B-24481853C42D}.Release|Any CPU.Build.0 = Release|Any CPU
	EndGlobalSection
	GlobalSection(SolutionProperties) = preSolution
		HideSolutionNode = FALSE
	EndGlobalSection
	GlobalSection(ExtensibilityGlobals) = postSolution
		SolutionGuid = {25F5B5FF-0EC9-47D1-B6F3-A0D7E4588662}
	EndGlobalSection
EndGlobal
